// !$*UTF8*$!
{
	archiveVersion = 1;
	classes = {
	};
	objectVersion = 46;
	objects = {

/* Begin PBXBuildFile section */
		848FFD431D5C3C7900AF6B0D /* AppDelegate.swift in Sources */ = {isa = PBXBuildFile; fileRef = 848FFD421D5C3C7900AF6B0D /* AppDelegate.swift */; };
		848FFD451D5C3C7900AF6B0D /* ViewController.swift in Sources */ = {isa = PBXBuildFile; fileRef = 848FFD441D5C3C7900AF6B0D /* ViewController.swift */; };
		848FFD481D5C3C7900AF6B0D /* Main.storyboard in Resources */ = {isa = PBXBuildFile; fileRef = 848FFD461D5C3C7900AF6B0D /* Main.storyboard */; };
		848FFD4A1D5C3C7900AF6B0D /* Assets.xcassets in Resources */ = {isa = PBXBuildFile; fileRef = 848FFD491D5C3C7900AF6B0D /* Assets.xcassets */; };
		848FFD4D1D5C3C7900AF6B0D /* LaunchScreen.storyboard in Resources */ = {isa = PBXBuildFile; fileRef = 848FFD4B1D5C3C7900AF6B0D /* LaunchScreen.storyboard */; };
		848FFD561D5C3CA200AF6B0D /* ChainableAlert.swift in Sources */ = {isa = PBXBuildFile; fileRef = 848FFD551D5C3CA200AF6B0D /* ChainableAlert.swift */; };
		848FFD581D5C840B00AF6B0D /* UIViewController+ChainableAlert.swift in Sources */ = {isa = PBXBuildFile; fileRef = 848FFD571D5C840B00AF6B0D /* UIViewController+ChainableAlert.swift */; };
/* End PBXBuildFile section */

/* Begin PBXFileReference section */
		848FFD3F1D5C3C7900AF6B0D /* ChainableAlert.app */ = {isa = PBXFileReference; explicitFileType = wrapper.application; includeInIndex = 0; path = ChainableAlert.app; sourceTree = BUILT_PRODUCTS_DIR; };
		848FFD421D5C3C7900AF6B0D /* AppDelegate.swift */ = {isa = PBXFileReference; lastKnownFileType = sourcecode.swift; path = AppDelegate.swift; sourceTree = "<group>"; };
		848FFD441D5C3C7900AF6B0D /* ViewController.swift */ = {isa = PBXFileReference; lastKnownFileType = sourcecode.swift; path = ViewController.swift; sourceTree = "<group>"; };
		848FFD471D5C3C7900AF6B0D /* Base */ = {isa = PBXFileReference; lastKnownFileType = file.storyboard; name = Base; path = Base.lproj/Main.storyboard; sourceTree = "<group>"; };
		848FFD491D5C3C7900AF6B0D /* Assets.xcassets */ = {isa = PBXFileReference; lastKnownFileType = folder.assetcatalog; path = Assets.xcassets; sourceTree = "<group>"; };
		848FFD4C1D5C3C7900AF6B0D /* Base */ = {isa = PBXFileReference; lastKnownFileType = file.storyboard; name = Base; path = Base.lproj/LaunchScreen.storyboard; sourceTree = "<group>"; };
		848FFD4E1D5C3C7900AF6B0D /* Info.plist */ = {isa = PBXFileReference; lastKnownFileType = text.plist.xml; path = Info.plist; sourceTree = "<group>"; };
		848FFD551D5C3CA200AF6B0D /* ChainableAlert.swift */ = {isa = PBXFileReference; fileEncoding = 4; lastKnownFileType = sourcecode.swift; path = ChainableAlert.swift; sourceTree = "<group>"; };
		848FFD571D5C840B00AF6B0D /* UIViewController+ChainableAlert.swift */ = {isa = PBXFileReference; fileEncoding = 4; lastKnownFileType = sourcecode.swift; path = "UIViewController+ChainableAlert.swift"; sourceTree = "<group>"; };
/* End PBXFileReference section */

/* Begin PBXFrameworksBuildPhase section */
		848FFD3C1D5C3C7900AF6B0D /* Frameworks */ = {
			isa = PBXFrameworksBuildPhase;
			buildActionMask = 2147483647;
			files = (
			);
			runOnlyForDeploymentPostprocessing = 0;
		};
/* End PBXFrameworksBuildPhase section */

/* Begin PBXGroup section */
		848FFD361D5C3C7900AF6B0D = {
			isa = PBXGroup;
			children = (
				848FFD541D5C3C9300AF6B0D /* Source */,
				848FFD411D5C3C7900AF6B0D /* ChainableAlert */,
				848FFD401D5C3C7900AF6B0D /* Products */,
			);
			sourceTree = "<group>";
		};
		848FFD401D5C3C7900AF6B0D /* Products */ = {
			isa = PBXGroup;
			children = (
				848FFD3F1D5C3C7900AF6B0D /* ChainableAlert.app */,
			);
			name = Products;
			sourceTree = "<group>";
		};
		848FFD411D5C3C7900AF6B0D /* ChainableAlert */ = {
			isa = PBXGroup;
			children = (
				848FFD421D5C3C7900AF6B0D /* AppDelegate.swift */,
				848FFD441D5C3C7900AF6B0D /* ViewController.swift */,
				848FFD461D5C3C7900AF6B0D /* Main.storyboard */,
				848FFD491D5C3C7900AF6B0D /* Assets.xcassets */,
				848FFD4B1D5C3C7900AF6B0D /* LaunchScreen.storyboard */,
				848FFD4E1D5C3C7900AF6B0D /* Info.plist */,
			);
			path = ChainableAlert;
			sourceTree = "<group>";
		};
		848FFD541D5C3C9300AF6B0D /* Source */ = {
			isa = PBXGroup;
			children = (
				848FFD551D5C3CA200AF6B0D /* ChainableAlert.swift */,
				848FFD571D5C840B00AF6B0D /* UIViewController+ChainableAlert.swift */,
			);
			path = Source;
			sourceTree = "<group>";
		};
/* End PBXGroup section */

/* Begin PBXNativeTarget section */
		848FFD3E1D5C3C7900AF6B0D /* ChainableAlert */ = {
			isa = PBXNativeTarget;
			buildConfigurationList = 848FFD511D5C3C7900AF6B0D /* Build configuration list for PBXNativeTarget "ChainableAlert" */;
			buildPhases = (
				848FFD3B1D5C3C7900AF6B0D /* Sources */,
				848FFD3C1D5C3C7900AF6B0D /* Frameworks */,
				848FFD3D1D5C3C7900AF6B0D /* Resources */,
			);
			buildRules = (
			);
			dependencies = (
			);
			name = ChainableAlert;
			productName = ChainableAlert;
			productReference = 848FFD3F1D5C3C7900AF6B0D /* ChainableAlert.app */;
			productType = "com.apple.product-type.application";
		};
/* End PBXNativeTarget section */

/* Begin PBXProject section */
		848FFD371D5C3C7900AF6B0D /* Project object */ = {
			isa = PBXProject;
			attributes = {
				LastSwiftUpdateCheck = 0730;
				LastUpgradeCheck = 0730;
				ORGANIZATIONNAME = Ding;
				TargetAttributes = {
					848FFD3E1D5C3C7900AF6B0D = {
						CreatedOnToolsVersion = 7.3.1;
					};
				};
			};
			buildConfigurationList = 848FFD3A1D5C3C7900AF6B0D /* Build configuration list for PBXProject "ChainableAlert" */;
			compatibilityVersion = "Xcode 3.2";
			developmentRegion = English;
			hasScannedForEncodings = 0;
			knownRegions = (
				en,
				Base,
			);
			mainGroup = 848FFD361D5C3C7900AF6B0D;
			productRefGroup = 848FFD401D5C3C7900AF6B0D /* Products */;
			projectDirPath = "";
			projectRoot = "";
			targets = (
				848FFD3E1D5C3C7900AF6B0D /* ChainableAlert */,
			);
		};
/* End PBXProject section */

/* Begin PBXResourcesBuildPhase section */
		848FFD3D1D5C3C7900AF6B0D /* Resources */ = {
			isa = PBXResourcesBuildPhase;
			buildActionMask = 2147483647;
			files = (
				848FFD4D1D5C3C7900AF6B0D /* LaunchScreen.storyboard in Resources */,
				848FFD4A1D5C3C7900AF6B0D /* Assets.xcassets in Resources */,
				848FFD481D5C3C7900AF6B0D /* Main.storyboard in Resources */,
			);
			runOnlyForDeploymentPostprocessing = 0;
		};
/* End PBXResourcesBuildPhase section */

/* Begin PBXSourcesBuildPhase section */
		848FFD3B1D5C3C7900AF6B0D /* Sources */ = {
			isa = PBXSourcesBuildPhase;
			buildActionMask = 2147483647;
			files = (
				848FFD561D5C3CA200AF6B0D /* ChainableAlert.swift in Sources */,
				848FFD451D5C3C7900AF6B0D /* ViewController.swift in Sources */,
				848FFD431D5C3C7900AF6B0D /* AppDelegate.swift in Sources */,
				848FFD581D5C840B00AF6B0D /* UIViewController+ChainableAlert.swift in Sources */,
			);
			runOnlyForDeploymentPostprocessing = 0;
		};
/* End PBXSourcesBuildPhase section */

/* Begin PBXVariantGroup section */
		848FFD461D5C3C7900AF6B0D /* Main.storyboard */ = {
			isa = PBXVariantGroup;
			children = (
				848FFD471D5C3C7900AF6B0D /* Base */,
			);
			name = Main.storyboard;
			sourceTree = "<group>";
		};
		848FFD4B1D5C3C7900AF6B0D /* LaunchScreen.storyboard */ = {
			isa = PBXVariantGroup;
			children = (
				848FFD4C1D5C3C7900AF6B0D /* Base */,
			);
			name = LaunchScreen.storyboard;
			sourceTree = "<group>";
		};
/* End PBXVariantGroup section */

/* Begin XCBuildConfiguration section */
		848FFD4F1D5C3C7900AF6B0D /* Debug */ = {
			isa = XCBuildConfiguration;
			buildSettings = {
				ALWAYS_SEARCH_USER_PATHS = NO;
				CLANG_ANALYZER_NONNULL = YES;
				CLANG_CXX_LANGUAGE_STANDARD = "gnu++0x";
				CLANG_CXX_LIBRARY = "libc++";
				CLANG_ENABLE_MODULES = YES;
				CLANG_ENABLE_OBJC_ARC = YES;
				CLANG_WARN_BOOL_CONVERSION = YES;
				CLANG_WARN_CONSTANT_CONVERSION = YES;
				CLANG_WARN_DIRECT_OBJC_ISA_USAGE = YES_ERROR;
				CLANG_WARN_EMPTY_BODY = YES;
				CLANG_WARN_ENUM_CONVERSION = YES;
				CLANG_WARN_INT_CONVERSION = YES;
				CLANG_WARN_OBJC_ROOT_CLASS = YES_ERROR;
				CLANG_WARN_UNREACHABLE_CODE = YES;
				CLANG_WARN__DUPLICATE_METHOD_MATCH = YES;
				"CODE_SIGN_IDENTITY[sdk=iphoneos*]" = "iPhone Developer";
				COPY_PHASE_STRIP = NO;
				DEBUG_INFORMATION_FORMAT = dwarf;
				ENABLE_STRICT_OBJC_MSGSEND = YES;
				ENABLE_TESTABILITY = YES;
				GCC_C_LANGUAGE_STANDARD = gnu99;
				GCC_DYNAMIC_NO_PIC = NO;
				GCC_NO_COMMON_BLOCKS = YES;
				GCC_OPTIMIZATION_LEVEL = 0;
				GCC_PREPROCESSOR_DEFINITIONS = (
					"DEBUG=1",
					"$(inherited)",
				);
				GCC_WARN_64_TO_32_BIT_CONVERSION = YES;
				GCC_WARN_ABOUT_RETURN_TYPE = YES_ERROR;
				GCC_WARN_UNDECLARED_SELECTOR = YES;
				GCC_WARN_UNINITIALIZED_AUTOS = YES_AGGRESSIVE;
				GCC_WARN_UNUSED_FUNCTION = YES;
				GCC_WARN_UNUSED_VARIABLE = YES;
				IPHONEOS_DEPLOYMENT_TARGET = 9.3;
				MTL_ENABLE_DEBUG_INFO = YES;
				ONLY_ACTIVE_ARCH = YES;
				SDKROOT = iphoneos;
				SWIFT_OPTIMIZATION_LEVEL = "-Onone";
				TARGETED_DEVICE_FAMILY = "1,2";
			};
			name = Debug;
		};
		848FFD501D5C3C7900AF6B0D /* Release */ = {
			isa = XCBuildConfiguration;
			buildSettings = {
				ALWAYS_SEARCH_USER_PATHS = NO;
				CLANG_ANALYZER_NONNULL = YES;
				CLANG_CXX_LANGUAGE_STANDARD = "gnu++0x";
				CLANG_CXX_LIBRARY = "libc++";
				CLANG_ENABLE_MODULES = YES;
				CLANG_ENABLE_OBJC_ARC = YES;
				CLANG_WARN_BOOL_CONVERSION = YES;
				CLANG_WARN_CONSTANT_CONVERSION = YES;
				CLANG_WARN_DIRECT_OBJC_ISA_USAGE = YES_ERROR;
				CLANG_WARN_EMPTY_BODY = YES;
				CLANG_WARN_ENUM_CONVERSION = YES;
				CLANG_WARN_INT_CONVERSION = YES;
				CLANG_WARN_OBJC_ROOT_CLASS = YES_ERROR;
				CLANG_WARN_UNREACHABLE_CODE = YES;
				CLANG_WARN__DUPLICATE_METHOD_MATCH = YES;
				"CODE_SIGN_IDENTITY[sdk=iphoneos*]" = "iPhone Developer";
				COPY_PHASE_STRIP = NO;
				DEBUG_INFORMATION_FORMAT = "dwarf-with-dsym";
				ENABLE_NS_ASSERTIONS = NO;
				ENABLE_STRICT_OBJC_MSGSEND = YES;
				GCC_C_LANGUAGE_STANDARD = gnu99;
				GCC_NO_COMMON_BLOCKS = YES;
				GCC_WARN_64_TO_32_BIT_CONVERSION = YES;
				GCC_WARN_ABOUT_RETURN_TYPE = YES_ERROR;
				GCC_WARN_UNDECLARED_SELECTOR = YES;
				GCC_WARN_UNINITIALIZED_AUTOS = YES_AGGRESSIVE;
				GCC_WARN_UNUSED_FUNCTION = YES;
				GCC_WARN_UNUSED_VARIABLE = YES;
				IPHONEOS_DEPLOYMENT_TARGET = 9.3;
				MTL_ENABLE_DEBUG_INFO = NO;
				SDKROOT = iphoneos;
				TARGETED_DEVICE_FAMILY = "1,2";
				VALIDATE_PRODUCT = YES;
			};
			name = Release;
		};
		848FFD521D5C3C7900AF6B0D /* Debug */ = {
			isa = XCBuildConfiguration;
			buildSettings = {
				ASSETCATALOG_COMPILER_APPICON_NAME = AppIcon;
				INFOPLIST_FILE = ChainableAlert/Info.plist;
				IPHONEOS_DEPLOYMENT_TARGET = 7.0;
				LD_RUNPATH_SEARCH_PATHS = "$(inherited) @executable_path/Frameworks";
				PRODUCT_BUNDLE_IDENTIFIER = Ding.ChainableAlert;
				PRODUCT_NAME = "$(TARGET_NAME)";
			};
			name = Debug;
		};
		848FFD531D5C3C7900AF6B0D /* Release */ = {
			isa = XCBuildConfiguration;
			buildSettings = {
				ASSETCATALOG_COMPILER_APPICON_NAME = AppIcon;
				INFOPLIST_FILE = ChainableAlert/Info.plist;
				IPHONEOS_DEPLOYMENT_TARGET = 7.0;
				LD_RUNPATH_SEARCH_PATHS = "$(inherited) @executable_path/Frameworks";
				PRODUCT_BUNDLE_IDENTIFIER = Ding.ChainableAlert;
				PRODUCT_NAME = "$(TARGET_NAME)";
			};
			name = Release;
		};
/* End XCBuildConfiguration section */

/* Begin XCConfigurationList section */
		848FFD3A1D5C3C7900AF6B0D /* Build configuration list for PBXProject "ChainableAlert" */ = {
			isa = XCConfigurationList;
			buildConfigurations = (
				848FFD4F1D5C3C7900AF6B0D /* Debug */,
				848FFD501D5C3C7900AF6B0D /* Release */,
			);
			defaultConfigurationIsVisible = 0;
			defaultConfigurationName = Release;
		};
		848FFD511D5C3C7900AF6B0D /* Build configuration list for PBXNativeTarget "ChainableAlert" */ = {
			isa = XCConfigurationList;
			buildConfigurations = (
				848FFD521D5C3C7900AF6B0D /* Debug */,
				848FFD531D5C3C7900AF6B0D /* Release */,
			);
			defaultConfigurationIsVisible = 0;
		};
/* End XCConfigurationList section */
	};
	rootObject = 848FFD371D5C3C7900AF6B0D /* Project object */;
}
